
Microsoft Visual Studio Solution File, Format Version 12.00
# Visual Studio Version 16
VisualStudioVersion = 16.0.31613.86
MinimumVisualStudioVersion = 10.0.40219.1
Project("{FAE04EC0-301F-11D3-BF4B-00C04F79EFBC}") = "CookieOrnek", "CookieOrnek\CookieOrnek.csproj", "{C84C755C-92B6-4218-BB80-1088B4EE19D7}"
EndProject
Global
	GlobalSection(SolutionConfigurationPlatforms) = preSolution
		Debug|Any CPU = Debug|Any CPU
		Release|Any CPU = Release|Any CPU
	EndGlobalSection
	GlobalSection(ProjectConfigurationPlatforms) = postSolution
		{C84C755C-92B6-4218-BB80-1088B4EE19D7}.Debug|Any CPU.ActiveCfg = Debug|Any CPU
		{C84C755C-92B6-4218-BB80-1088B4EE19D7}.Debug|Any CPU.Build.0 = Debug|Any CPU
		{C84C755C-92B6-4218-BB80-1088B4EE19D7}.Release|Any CPU.ActiveCfg = Release|Any CPU
		{C84C755C-92B6-4218-BB80-1088B4EE19D7}.Release|Any CPU.Build.0 = Release|Any CPU
	EndGlobalSection
	GlobalSection(SolutionProperties) = preSolution
		HideSolutionNode = FALSE
	EndGlobalSection
	GlobalSection(ExtensibilityGlobals) = postSolution
		SolutionGuid = {2A70DDC5-683E-44A8-A034-7917D6C5E2E7}
	EndGlobalSection
EndGlobal
